{
  "name": "Personal-Website",
  "lockfileVersion": 3,
  "requires": true,
  "packages": {
    "": {
      "dependencies": {
        "astro-navbar": "^2.3.3"
      }
    },
    "node_modules/astro-navbar": {
      "version": "2.3.3",
      "resolved": "https://registry.npmjs.org/astro-navbar/-/astro-navbar-2.3.3.tgz",
      "integrity": "sha512-WAiQUVh3fS+bUw1oDcWpddFj30z3VgmMDmSjpU78idCXiV5t4KtlBvKV0mE/+hpcGLK0ji1evvCbk2wQ7wphyQ==",
      "license": "MIT"
    }
  }
}
